
Microsoft Visual Studio Solution File, Format Version 12.00
# Visual Studio 15
VisualStudioVersion = 15.0.28010.2036
MinimumVisualStudioVersion = 10.0.40219.1
Project("{FAE04EC0-301F-11D3-BF4B-00C04F79EFBC}") = "InRefOut", "InRefOut\InRefOut.csproj", "{4859B39B-4BE2-4A19-959B-E0AC69906B4B}"
EndProject
Global
	GlobalSection(SolutionConfigurationPlatforms) = preSolution
		Debug|Any CPU = Debug|Any CPU
		Release|Any CPU = Release|Any CPU
	EndGlobalSection
	GlobalSection(ProjectConfigurationPlatforms) = postSolution
		{4859B39B-4BE2-4A19-959B-E0AC69906B4B}.Debug|Any CPU.ActiveCfg = Debug|Any CPU
		{4859B39B-4BE2-4A19-959B-E0AC69906B4B}.Debug|Any CPU.Build.0 = Debug|Any CPU
		{4859B39B-4BE2-4A19-959B-E0AC69906B4B}.Release|Any CPU.ActiveCfg = Release|Any CPU
		{4859B39B-4BE2-4A19-959B-E0AC69906B4B}.Release|Any CPU.Build.0 = Release|Any CPU
	EndGlobalSection
	GlobalSection(SolutionProperties) = preSolution
		HideSolutionNode = FALSE
	EndGlobalSection
	GlobalSection(ExtensibilityGlobals) = postSolution
		SolutionGuid = {A5779D69-F905-4E3C-A75F-4BB446F46522}
	EndGlobalSection
EndGlobal
