
Microsoft Visual Studio Solution File, Format Version 12.00
# Visual Studio 15
VisualStudioVersion = 15.0.28010.2036
MinimumVisualStudioVersion = 10.0.40219.1
Project("{FAE04EC0-301F-11D3-BF4B-00C04F79EFBC}") = "ValueTypes", "ValueTypes\ValueTypes.csproj", "{02DC663A-D471-44C0-B429-23EE45921ADE}"
EndProject
Global
	GlobalSection(SolutionConfigurationPlatforms) = preSolution
		Debug|Any CPU = Debug|Any CPU
		Release|Any CPU = Release|Any CPU
	EndGlobalSection
	GlobalSection(ProjectConfigurationPlatforms) = postSolution
		{02DC663A-D471-44C0-B429-23EE45921ADE}.Debug|Any CPU.ActiveCfg = Debug|Any CPU
		{02DC663A-D471-44C0-B429-23EE45921ADE}.Debug|Any CPU.Build.0 = Debug|Any CPU
		{02DC663A-D471-44C0-B429-23EE45921ADE}.Release|Any CPU.ActiveCfg = Release|Any CPU
		{02DC663A-D471-44C0-B429-23EE45921ADE}.Release|Any CPU.Build.0 = Release|Any CPU
	EndGlobalSection
	GlobalSection(SolutionProperties) = preSolution
		HideSolutionNode = FALSE
	EndGlobalSection
	GlobalSection(ExtensibilityGlobals) = postSolution
		SolutionGuid = {28FCB990-AAE0-473E-953E-BE213AAC8438}
	EndGlobalSection
EndGlobal
