
Microsoft Visual Studio Solution File, Format Version 12.00
# Visual Studio 15
VisualStudioVersion = 15.0.28010.2036
MinimumVisualStudioVersion = 10.0.40219.1
Project("{FAE04EC0-301F-11D3-BF4B-00C04F79EFBC}") = "Bars", "Bars\Bars.csproj", "{D6DF96A4-10D6-415B-80A1-BB31538AE028}"
EndProject
Global
	GlobalSection(SolutionConfigurationPlatforms) = preSolution
		Debug|Any CPU = Debug|Any CPU
		Release|Any CPU = Release|Any CPU
	EndGlobalSection
	GlobalSection(ProjectConfigurationPlatforms) = postSolution
		{D6DF96A4-10D6-415B-80A1-BB31538AE028}.Debug|Any CPU.ActiveCfg = Debug|Any CPU
		{D6DF96A4-10D6-415B-80A1-BB31538AE028}.Debug|Any CPU.Build.0 = Debug|Any CPU
		{D6DF96A4-10D6-415B-80A1-BB31538AE028}.Release|Any CPU.ActiveCfg = Release|Any CPU
		{D6DF96A4-10D6-415B-80A1-BB31538AE028}.Release|Any CPU.Build.0 = Release|Any CPU
	EndGlobalSection
	GlobalSection(SolutionProperties) = preSolution
		HideSolutionNode = FALSE
	EndGlobalSection
	GlobalSection(ExtensibilityGlobals) = postSolution
		SolutionGuid = {5F543D89-6789-4FA2-A627-C8B09198458F}
	EndGlobalSection
EndGlobal
