
Microsoft Visual Studio Solution File, Format Version 12.00
# Visual Studio 15
VisualStudioVersion = 15.0.28010.2036
MinimumVisualStudioVersion = 10.0.40219.1
Project("{FAE04EC0-301F-11D3-BF4B-00C04F79EFBC}") = "503", "503\503.csproj", "{F73BF179-E4CB-443D-B43B-FBB355C7A2BB}"
EndProject
Global
	GlobalSection(SolutionConfigurationPlatforms) = preSolution
		Debug|Any CPU = Debug|Any CPU
		Release|Any CPU = Release|Any CPU
	EndGlobalSection
	GlobalSection(ProjectConfigurationPlatforms) = postSolution
		{F73BF179-E4CB-443D-B43B-FBB355C7A2BB}.Debug|Any CPU.ActiveCfg = Debug|Any CPU
		{F73BF179-E4CB-443D-B43B-FBB355C7A2BB}.Debug|Any CPU.Build.0 = Debug|Any CPU
		{F73BF179-E4CB-443D-B43B-FBB355C7A2BB}.Release|Any CPU.ActiveCfg = Release|Any CPU
		{F73BF179-E4CB-443D-B43B-FBB355C7A2BB}.Release|Any CPU.Build.0 = Release|Any CPU
	EndGlobalSection
	GlobalSection(SolutionProperties) = preSolution
		HideSolutionNode = FALSE
	EndGlobalSection
	GlobalSection(ExtensibilityGlobals) = postSolution
		SolutionGuid = {728E1340-338B-45CA-A671-4D26C397E258}
	EndGlobalSection
EndGlobal
