
Microsoft Visual Studio Solution File, Format Version 12.00
# Visual Studio 15
VisualStudioVersion = 15.0.28010.2036
MinimumVisualStudioVersion = 10.0.40219.1
Project("{FAE04EC0-301F-11D3-BF4B-00C04F79EFBC}") = "LeetCode", "LeetCode\LeetCode.csproj", "{DAB9E05C-6BA2-46EE-9960-385A66DDA60A}"
EndProject
Global
	GlobalSection(SolutionConfigurationPlatforms) = preSolution
		Debug|Any CPU = Debug|Any CPU
		Release|Any CPU = Release|Any CPU
	EndGlobalSection
	GlobalSection(ProjectConfigurationPlatforms) = postSolution
		{DAB9E05C-6BA2-46EE-9960-385A66DDA60A}.Debug|Any CPU.ActiveCfg = Debug|Any CPU
		{DAB9E05C-6BA2-46EE-9960-385A66DDA60A}.Debug|Any CPU.Build.0 = Debug|Any CPU
		{DAB9E05C-6BA2-46EE-9960-385A66DDA60A}.Release|Any CPU.ActiveCfg = Release|Any CPU
		{DAB9E05C-6BA2-46EE-9960-385A66DDA60A}.Release|Any CPU.Build.0 = Release|Any CPU
	EndGlobalSection
	GlobalSection(SolutionProperties) = preSolution
		HideSolutionNode = FALSE
	EndGlobalSection
	GlobalSection(ExtensibilityGlobals) = postSolution
		SolutionGuid = {AC96467A-CD2B-4463-97A0-AA943F1849A1}
	EndGlobalSection
EndGlobal
