
Microsoft Visual Studio Solution File, Format Version 12.00
# Visual Studio 15
VisualStudioVersion = 15.0.28010.2036
MinimumVisualStudioVersion = 10.0.40219.1
Project("{FAE04EC0-301F-11D3-BF4B-00C04F79EFBC}") = "ADT", "ADT\ADT.csproj", "{965632B2-DD6B-4276-AF28-3DED5A3C4D3B}"
EndProject
Global
	GlobalSection(SolutionConfigurationPlatforms) = preSolution
		Debug|Any CPU = Debug|Any CPU
		Release|Any CPU = Release|Any CPU
	EndGlobalSection
	GlobalSection(ProjectConfigurationPlatforms) = postSolution
		{965632B2-DD6B-4276-AF28-3DED5A3C4D3B}.Debug|Any CPU.ActiveCfg = Debug|Any CPU
		{965632B2-DD6B-4276-AF28-3DED5A3C4D3B}.Debug|Any CPU.Build.0 = Debug|Any CPU
		{965632B2-DD6B-4276-AF28-3DED5A3C4D3B}.Release|Any CPU.ActiveCfg = Release|Any CPU
		{965632B2-DD6B-4276-AF28-3DED5A3C4D3B}.Release|Any CPU.Build.0 = Release|Any CPU
	EndGlobalSection
	GlobalSection(SolutionProperties) = preSolution
		HideSolutionNode = FALSE
	EndGlobalSection
	GlobalSection(ExtensibilityGlobals) = postSolution
		SolutionGuid = {D916A112-53F9-400E-BEBA-86134EBD6833}
	EndGlobalSection
EndGlobal
