
Microsoft Visual Studio Solution File, Format Version 12.00
# Visual Studio 15
VisualStudioVersion = 15.0.28010.2036
MinimumVisualStudioVersion = 10.0.40219.1
Project("{FAE04EC0-301F-11D3-BF4B-00C04F79EFBC}") = "MyArray", "MyArray\MyArray.csproj", "{586CB437-04DA-4C30-AF84-4A8506CFE819}"
EndProject
Global
	GlobalSection(SolutionConfigurationPlatforms) = preSolution
		Debug|Any CPU = Debug|Any CPU
		Release|Any CPU = Release|Any CPU
	EndGlobalSection
	GlobalSection(ProjectConfigurationPlatforms) = postSolution
		{586CB437-04DA-4C30-AF84-4A8506CFE819}.Debug|Any CPU.ActiveCfg = Debug|Any CPU
		{586CB437-04DA-4C30-AF84-4A8506CFE819}.Debug|Any CPU.Build.0 = Debug|Any CPU
		{586CB437-04DA-4C30-AF84-4A8506CFE819}.Release|Any CPU.ActiveCfg = Release|Any CPU
		{586CB437-04DA-4C30-AF84-4A8506CFE819}.Release|Any CPU.Build.0 = Release|Any CPU
	EndGlobalSection
	GlobalSection(SolutionProperties) = preSolution
		HideSolutionNode = FALSE
	EndGlobalSection
	GlobalSection(ExtensibilityGlobals) = postSolution
		SolutionGuid = {A6C4B7DE-A858-40C7-BA6C-8507B7D028EB}
	EndGlobalSection
EndGlobal
